
Microsoft Visual Studio Solution File, Format Version 12.00
# Visual Studio 14
VisualStudioVersion = 14.0.25123.0
MinimumVisualStudioVersion = 10.0.40219.1
Project("{FAE04EC0-301F-11D3-BF4B-00C04F79EFBC}") = "Tests", "Tests\Tests.csproj", "{EB4CE555-380F-41FF-AD87-C5E8B56A1FE7}"
EndProject
Project("{2150E333-8FDC-42A3-9474-1A3956D46DE8}") = "Test", "Test", "{EE9C688E-F090-4567-AEFD-28D7C3E2AA56}"
EndProject
Project("{2150E333-8FDC-42A3-9474-1A3956D46DE8}") = "UI", "UI", "{9BE29638-B3BE-42FC-8453-76AE23719562}"
EndProject
Project("{FAE04EC0-301F-11D3-BF4B-00C04F79EFBC}") = "WindowsDesktopWPF", "WindowsDesktopWPF\WindowsDesktopWPF.csproj", "{11636275-21FE-480C-A1C1-ACD804927BA6}"
EndProject
Project("{2150E333-8FDC-42A3-9474-1A3956D46DE8}") = "Classes", "Classes", "{01BFC6F4-DD5C-48A1-A7FB-D4C9617AC143}"
EndProject
Project("{FAE04EC0-301F-11D3-BF4B-00C04F79EFBC}") = "Settings", "Settings\Settings.csproj", "{2985CF5A-FF7E-43A9-8C05-C00444853F58}"
EndProject
Global
	GlobalSection(SolutionConfigurationPlatforms) = preSolution
		Debug|Any CPU = Debug|Any CPU
		Release|Any CPU = Release|Any CPU
	EndGlobalSection
	GlobalSection(ProjectConfigurationPlatforms) = postSolution
		{EB4CE555-380F-41FF-AD87-C5E8B56A1FE7}.Debug|Any CPU.ActiveCfg = Debug|Any CPU
		{EB4CE555-380F-41FF-AD87-C5E8B56A1FE7}.Debug|Any CPU.Build.0 = Debug|Any CPU
		{EB4CE555-380F-41FF-AD87-C5E8B56A1FE7}.Release|Any CPU.ActiveCfg = Release|Any CPU
		{EB4CE555-380F-41FF-AD87-C5E8B56A1FE7}.Release|Any CPU.Build.0 = Release|Any CPU
		{11636275-21FE-480C-A1C1-ACD804927BA6}.Debug|Any CPU.ActiveCfg = Debug|Any CPU
		{11636275-21FE-480C-A1C1-ACD804927BA6}.Debug|Any CPU.Build.0 = Debug|Any CPU
		{11636275-21FE-480C-A1C1-ACD804927BA6}.Release|Any CPU.ActiveCfg = Release|Any CPU
		{11636275-21FE-480C-A1C1-ACD804927BA6}.Release|Any CPU.Build.0 = Release|Any CPU
		{2985CF5A-FF7E-43A9-8C05-C00444853F58}.Debug|Any CPU.ActiveCfg = Debug|Any CPU
		{2985CF5A-FF7E-43A9-8C05-C00444853F58}.Debug|Any CPU.Build.0 = Debug|Any CPU
		{2985CF5A-FF7E-43A9-8C05-C00444853F58}.Release|Any CPU.ActiveCfg = Release|Any CPU
		{2985CF5A-FF7E-43A9-8C05-C00444853F58}.Release|Any CPU.Build.0 = Release|Any CPU
	EndGlobalSection
	GlobalSection(SolutionProperties) = preSolution
		HideSolutionNode = FALSE
	EndGlobalSection
	GlobalSection(NestedProjects) = preSolution
		{EB4CE555-380F-41FF-AD87-C5E8B56A1FE7} = {EE9C688E-F090-4567-AEFD-28D7C3E2AA56}
		{11636275-21FE-480C-A1C1-ACD804927BA6} = {9BE29638-B3BE-42FC-8453-76AE23719562}
		{2985CF5A-FF7E-43A9-8C05-C00444853F58} = {01BFC6F4-DD5C-48A1-A7FB-D4C9617AC143}
	EndGlobalSection
EndGlobal
